
Microsoft Visual Studio Solution File, Format Version 12.00
# Visual Studio 15
VisualStudioVersion = 15.0.26730.12
MinimumVisualStudioVersion = 10.0.40219.1
Project("{FAE04EC0-301F-11D3-BF4B-00C04F79EFBC}") = "SearchLog", "SearchLog\SearchLog.csproj", "{593F001F-002F-4E55-94C0-1D5EA7144808}"
EndProject
Global
	GlobalSection(SolutionConfigurationPlatforms) = preSolution
		Debug|Any CPU = Debug|Any CPU
		Release|Any CPU = Release|Any CPU
	EndGlobalSection
	GlobalSection(ProjectConfigurationPlatforms) = postSolution
		{593F001F-002F-4E55-94C0-1D5EA7144808}.Debug|Any CPU.ActiveCfg = Debug|Any CPU
		{593F001F-002F-4E55-94C0-1D5EA7144808}.Debug|Any CPU.Build.0 = Debug|Any CPU
		{593F001F-002F-4E55-94C0-1D5EA7144808}.Release|Any CPU.ActiveCfg = Release|Any CPU
		{593F001F-002F-4E55-94C0-1D5EA7144808}.Release|Any CPU.Build.0 = Release|Any CPU
	EndGlobalSection
	GlobalSection(SolutionProperties) = preSolution
		HideSolutionNode = FALSE
	EndGlobalSection
	GlobalSection(ExtensibilityGlobals) = postSolution
		SolutionGuid = {11882FCC-4C15-44FB-92CC-2827EB54BE81}
	EndGlobalSection
EndGlobal
